
Microsoft Visual Studio Solution File, Format Version 12.00
# Visual Studio Version 17
VisualStudioVersion = 17.8.34330.188
MinimumVisualStudioVersion = 10.0.40219.1
Project("{FAE04EC0-301F-11D3-BF4B-00C04F79EFBC}") = "SendMeMail", "SendMeMail.csproj", "{45742E01-CF1E-4A61-92F0-39E603837EE5}"
EndProject
Global
	GlobalSection(SolutionConfigurationPlatforms) = preSolution
		Debug|Any CPU = Debug|Any CPU
		Release|Any CPU = Release|Any CPU
	EndGlobalSection
	GlobalSection(ProjectConfigurationPlatforms) = postSolution
		{45742E01-CF1E-4A61-92F0-39E603837EE5}.Debug|Any CPU.ActiveCfg = Debug|Any CPU
		{45742E01-CF1E-4A61-92F0-39E603837EE5}.Debug|Any CPU.Build.0 = Debug|Any CPU
		{45742E01-CF1E-4A61-92F0-39E603837EE5}.Release|Any CPU.ActiveCfg = Release|Any CPU
		{45742E01-CF1E-4A61-92F0-39E603837EE5}.Release|Any CPU.Build.0 = Release|Any CPU
	EndGlobalSection
	GlobalSection(SolutionProperties) = preSolution
		HideSolutionNode = FALSE
	EndGlobalSection
	GlobalSection(ExtensibilityGlobals) = postSolution
		SolutionGuid = {609460E9-ABA6-4B91-8360-D987DC4D7C7C}
	EndGlobalSection
EndGlobal
